
Microsoft Visual Studio Solution File, Format Version 12.00
# Visual Studio Version 17
VisualStudioVersion = 17.0.31717.71
MinimumVisualStudioVersion = 10.0.40219.1
Project("{9A19103F-16F7-4668-BE54-9A1E7A4F7556}") = "StrategyPattern", "DesignPatterns\StrategyPattern.csproj", "{4E3CB897-0D65-4570-8331-6041B02D5AD6}"
EndProject
Project("{9A19103F-16F7-4668-BE54-9A1E7A4F7556}") = "ProxyPattern", "ProxyPattern\ProxyPattern.csproj", "{8C3FDAF6-4AE5-4763-B82A-5BB00373B443}"
EndProject
Project("{9A19103F-16F7-4668-BE54-9A1E7A4F7556}") = "SmartProxyPattern", "SmartProxyPattern\SmartProxyPattern.csproj", "{AB9E9929-19D2-4CD2-AF5F-31927C8EC7DE}"
EndProject
Project("{9A19103F-16F7-4668-BE54-9A1E7A4F7556}") = "FactoryPattern", "Factory\FactoryPattern.csproj", "{E1E44642-7D51-428D-87C0-31074141DA96}"
EndProject
Project("{9A19103F-16F7-4668-BE54-9A1E7A4F7556}") = "BuilderPattern", "BuilderPattern\BuilderPattern.csproj", "{0922588C-1AA7-4D16-9717-50EDCCDCC3E9}"
EndProject
Project("{9A19103F-16F7-4668-BE54-9A1E7A4F7556}") = "RepositoryPattern", "RepositoryPattern\RepositoryPattern.csproj", "{32C0FD4E-F4CC-421E-8AF3-171EBCE9157D}"
EndProject
Project("{9A19103F-16F7-4668-BE54-9A1E7A4F7556}") = "AdapterPattern", "AdapterPattern\AdapterPattern.csproj", "{BFADE378-3005-4B0B-A185-3376FF6BCD94}"
EndProject
Project("{FAE04EC0-301F-11D3-BF4B-00C04F79EFBC}") = "Decorator", "Decorator\Decorator.csproj", "{845B0764-5998-4E9C-991B-CD79C2297A48}"
EndProject
Project("{9A19103F-16F7-4668-BE54-9A1E7A4F7556}") = "SingletonPattern", "SingletonPattern\SingletonPattern.csproj", "{506202D5-A7EA-47B5-A8E8-5177E8D40888}"
EndProject
Project("{9A19103F-16F7-4668-BE54-9A1E7A4F7556}") = "CQRS", "CQRS\CQRS.csproj", "{7EC441E1-326B-419E-A5DD-4B692E0E8012}"
EndProject
Project("{9A19103F-16F7-4668-BE54-9A1E7A4F7556}") = "GenericConsoleApp", "GenericConsoleApp\GenericConsoleApp.csproj", "{9D6EF3A1-31DC-467C-A686-565D0D093AD0}"
EndProject
Project("{9A19103F-16F7-4668-BE54-9A1E7A4F7556}") = "BridgePattern", "BeforeBridgePattern\BridgePattern.csproj", "{4655210C-E600-4F1A-8FC3-48B9001E1DD6}"
EndProject
Project("{9A19103F-16F7-4668-BE54-9A1E7A4F7556}") = "FacadePattern", "FacadePattern\FacadePattern.csproj", "{DBA989D6-6260-4CFE-AABA-53CE2FE6A54D}"
EndProject
Project("{9A19103F-16F7-4668-BE54-9A1E7A4F7556}") = "PublicToilet", "PublicToilet\PublicToilet.csproj", "{D0F770F6-1C68-4124-9EC0-6F09E7DCD25D}"
EndProject
Project("{9A19103F-16F7-4668-BE54-9A1E7A4F7556}") = "VisitorPattern", "VisitorPattern\VisitorPattern.csproj", "{7EE6CC8D-7877-4CD4-B755-A54F3238752F}"
EndProject
Project("{9A19103F-16F7-4668-BE54-9A1E7A4F7556}") = "RepositoryPattern.Tests", "RepositoryPattern.Tests\RepositoryPattern.Tests.csproj", "{F323DB9B-74C9-4BF0-BB0A-78052C9E0795}"
EndProject
Project("{9A19103F-16F7-4668-BE54-9A1E7A4F7556}") = "FizzBuzz", "FizzBuzz\FizzBuzz.csproj", "{A03FA29E-43E5-44A9-AFF0-0540895E2B82}"
EndProject
Project("{9A19103F-16F7-4668-BE54-9A1E7A4F7556}") = "FizzBuzz.Tests", "FizzBuzz.Tests\FizzBuzz.Tests.csproj", "{43352C2A-D500-4846-9B7F-B8EECE4028DF}"
EndProject
Project("{9A19103F-16F7-4668-BE54-9A1E7A4F7556}") = "CommandPattern", "CommandPattern\CommandPattern.csproj", "{9E8AD0AE-D946-4706-AA22-55D951989414}"
EndProject
Project("{9A19103F-16F7-4668-BE54-9A1E7A4F7556}") = "CompositePattern", "CompositePattern\CompositePattern.csproj", "{BAE16243-BBBC-42C6-9E98-F4DDBDFA3E68}"
EndProject
Project("{9A19103F-16F7-4668-BE54-9A1E7A4F7556}") = "CompositePatternTodoList", "CompositePatternTodoList\CompositePatternTodoList.csproj", "{C7D70EA0-D7BB-4995-A1AE-2C9F811A4978}"
EndProject
Project("{9A19103F-16F7-4668-BE54-9A1E7A4F7556}") = "IteratorPattern", "IteratorPattern\IteratorPattern.csproj", "{6B352E6C-C433-4BA0-B4F8-77411F981C76}"
EndProject
Project("{9A19103F-16F7-4668-BE54-9A1E7A4F7556}") = "PrototypePattern", "PrototypePattern\PrototypePattern.csproj", "{E5F56CC5-AA8C-4132-AC2C-1B6109CD0D22}"
EndProject
Project("{9A19103F-16F7-4668-BE54-9A1E7A4F7556}") = "RegistrationApp", "RegistrationApp\RegistrationApp.csproj", "{98C7BDD3-0276-4CB8-8AB7-495162598477}"
EndProject
Project("{9A19103F-16F7-4668-BE54-9A1E7A4F7556}") = "ATM", "ATM\ATM.csproj", "{734262AE-8224-44ED-A248-8B2F486D574A}"
EndProject
Project("{9A19103F-16F7-4668-BE54-9A1E7A4F7556}") = "RegistrationAppProperValidations", "RegistrationAppProperValidations\RegistrationAppProperValidations.csproj", "{A4324151-841B-4ECF-9AC4-E9B9006D26A7}"
EndProject
Project("{9A19103F-16F7-4668-BE54-9A1E7A4F7556}") = "CompanyChat", "CompanyChat\CompanyChat.csproj", "{BDD96AF6-6CB3-4771-8FDD-3DACF6EF198C}"
EndProject
Project("{9A19103F-16F7-4668-BE54-9A1E7A4F7556}") = "FlyWeight", "FlyWeight\FlyWeight.csproj", "{806BAC26-56EF-492A-BF29-57C336EC5CD7}"
EndProject
Project("{9A19103F-16F7-4668-BE54-9A1E7A4F7556}") = "DotNet_8_playground", "DotNet_8_playground\DotNet_8_playground.csproj", "{A635F190-533A-4D25-BBF0-A9BDC0FDF2A6}"
EndProject
Project("{9A19103F-16F7-4668-BE54-9A1E7A4F7556}") = "TestBox", "TestBox\TestBox.csproj", "{5DF47DDC-FCC3-4D13-A12A-8FEA17DB72F4}"
EndProject
Project("{9A19103F-16F7-4668-BE54-9A1E7A4F7556}") = "PokemonStore.WebApi", "PokemonStore\PokemonStore.WebApi\PokemonStore.WebApi.csproj", "{3FF0350B-B6D0-4D0F-BD83-A9A1D0CFC3A2}"
EndProject
Project("{9A19103F-16F7-4668-BE54-9A1E7A4F7556}") = "PokemonStore.Domain", "PokemonStore\PokemonStore.Domain\PokemonStore.Domain.csproj", "{66EC751E-2238-4784-8B64-DC4304148BAE}"
EndProject
Project("{9A19103F-16F7-4668-BE54-9A1E7A4F7556}") = "PokemonStore.Data", "PokemonStore\PokemonStore.Data\PokemonStore.Data.csproj", "{FB65C362-CDED-4CE9-959C-798944528117}"
EndProject
Project("{FAE04EC0-301F-11D3-BF4B-00C04F79EFBC}") = "PokemonStore.WebApp", "PokemonStore\PokemonStore.WebApp\PokemonStore.WebApp.csproj", "{FA958D54-4936-4B1A-BA78-165B59B3E0F8}"
EndProject
Project("{FAE04EC0-301F-11D3-BF4B-00C04F79EFBC}") = "PokemonStore.Contracts", "PokemonStore\PokemonStore.Contracts\PokemonStore.Contracts.csproj", "{E7A23979-ACEC-4159-8957-BB2AACDA326D}"
EndProject
Global
	GlobalSection(SolutionConfigurationPlatforms) = preSolution
		Debug|Any CPU = Debug|Any CPU
		Release|Any CPU = Release|Any CPU
	EndGlobalSection
	GlobalSection(ProjectConfigurationPlatforms) = postSolution
		{4E3CB897-0D65-4570-8331-6041B02D5AD6}.Debug|Any CPU.ActiveCfg = Debug|Any CPU
		{4E3CB897-0D65-4570-8331-6041B02D5AD6}.Debug|Any CPU.Build.0 = Debug|Any CPU
		{4E3CB897-0D65-4570-8331-6041B02D5AD6}.Release|Any CPU.ActiveCfg = Release|Any CPU
		{4E3CB897-0D65-4570-8331-6041B02D5AD6}.Release|Any CPU.Build.0 = Release|Any CPU
		{8C3FDAF6-4AE5-4763-B82A-5BB00373B443}.Debug|Any CPU.ActiveCfg = Debug|Any CPU
		{8C3FDAF6-4AE5-4763-B82A-5BB00373B443}.Debug|Any CPU.Build.0 = Debug|Any CPU
		{8C3FDAF6-4AE5-4763-B82A-5BB00373B443}.Release|Any CPU.ActiveCfg = Release|Any CPU
		{8C3FDAF6-4AE5-4763-B82A-5BB00373B443}.Release|Any CPU.Build.0 = Release|Any CPU
		{AB9E9929-19D2-4CD2-AF5F-31927C8EC7DE}.Debug|Any CPU.ActiveCfg = Debug|Any CPU
		{AB9E9929-19D2-4CD2-AF5F-31927C8EC7DE}.Debug|Any CPU.Build.0 = Debug|Any CPU
		{AB9E9929-19D2-4CD2-AF5F-31927C8EC7DE}.Release|Any CPU.ActiveCfg = Release|Any CPU
		{AB9E9929-19D2-4CD2-AF5F-31927C8EC7DE}.Release|Any CPU.Build.0 = Release|Any CPU
		{E1E44642-7D51-428D-87C0-31074141DA96}.Debug|Any CPU.ActiveCfg = Debug|Any CPU
		{E1E44642-7D51-428D-87C0-31074141DA96}.Debug|Any CPU.Build.0 = Debug|Any CPU
		{E1E44642-7D51-428D-87C0-31074141DA96}.Release|Any CPU.ActiveCfg = Release|Any CPU
		{E1E44642-7D51-428D-87C0-31074141DA96}.Release|Any CPU.Build.0 = Release|Any CPU
		{0922588C-1AA7-4D16-9717-50EDCCDCC3E9}.Debug|Any CPU.ActiveCfg = Debug|Any CPU
		{0922588C-1AA7-4D16-9717-50EDCCDCC3E9}.Debug|Any CPU.Build.0 = Debug|Any CPU
		{0922588C-1AA7-4D16-9717-50EDCCDCC3E9}.Release|Any CPU.ActiveCfg = Release|Any CPU
		{0922588C-1AA7-4D16-9717-50EDCCDCC3E9}.Release|Any CPU.Build.0 = Release|Any CPU
		{32C0FD4E-F4CC-421E-8AF3-171EBCE9157D}.Debug|Any CPU.ActiveCfg = Debug|Any CPU
		{32C0FD4E-F4CC-421E-8AF3-171EBCE9157D}.Debug|Any CPU.Build.0 = Debug|Any CPU
		{32C0FD4E-F4CC-421E-8AF3-171EBCE9157D}.Release|Any CPU.ActiveCfg = Release|Any CPU
		{32C0FD4E-F4CC-421E-8AF3-171EBCE9157D}.Release|Any CPU.Build.0 = Release|Any CPU
		{BFADE378-3005-4B0B-A185-3376FF6BCD94}.Debug|Any CPU.ActiveCfg = Debug|Any CPU
		{BFADE378-3005-4B0B-A185-3376FF6BCD94}.Debug|Any CPU.Build.0 = Debug|Any CPU
		{BFADE378-3005-4B0B-A185-3376FF6BCD94}.Release|Any CPU.ActiveCfg = Release|Any CPU
		{BFADE378-3005-4B0B-A185-3376FF6BCD94}.Release|Any CPU.Build.0 = Release|Any CPU
		{845B0764-5998-4E9C-991B-CD79C2297A48}.Debug|Any CPU.ActiveCfg = Debug|Any CPU
		{845B0764-5998-4E9C-991B-CD79C2297A48}.Debug|Any CPU.Build.0 = Debug|Any CPU
		{845B0764-5998-4E9C-991B-CD79C2297A48}.Release|Any CPU.ActiveCfg = Release|Any CPU
		{845B0764-5998-4E9C-991B-CD79C2297A48}.Release|Any CPU.Build.0 = Release|Any CPU
		{506202D5-A7EA-47B5-A8E8-5177E8D40888}.Debug|Any CPU.ActiveCfg = Debug|Any CPU
		{506202D5-A7EA-47B5-A8E8-5177E8D40888}.Debug|Any CPU.Build.0 = Debug|Any CPU
		{506202D5-A7EA-47B5-A8E8-5177E8D40888}.Release|Any CPU.ActiveCfg = Release|Any CPU
		{506202D5-A7EA-47B5-A8E8-5177E8D40888}.Release|Any CPU.Build.0 = Release|Any CPU
		{7EC441E1-326B-419E-A5DD-4B692E0E8012}.Debug|Any CPU.ActiveCfg = Debug|Any CPU
		{7EC441E1-326B-419E-A5DD-4B692E0E8012}.Debug|Any CPU.Build.0 = Debug|Any CPU
		{7EC441E1-326B-419E-A5DD-4B692E0E8012}.Release|Any CPU.ActiveCfg = Release|Any CPU
		{7EC441E1-326B-419E-A5DD-4B692E0E8012}.Release|Any CPU.Build.0 = Release|Any CPU
		{9D6EF3A1-31DC-467C-A686-565D0D093AD0}.Debug|Any CPU.ActiveCfg = Debug|Any CPU
		{9D6EF3A1-31DC-467C-A686-565D0D093AD0}.Debug|Any CPU.Build.0 = Debug|Any CPU
		{9D6EF3A1-31DC-467C-A686-565D0D093AD0}.Release|Any CPU.ActiveCfg = Release|Any CPU
		{9D6EF3A1-31DC-467C-A686-565D0D093AD0}.Release|Any CPU.Build.0 = Release|Any CPU
		{4655210C-E600-4F1A-8FC3-48B9001E1DD6}.Debug|Any CPU.ActiveCfg = Debug|Any CPU
		{4655210C-E600-4F1A-8FC3-48B9001E1DD6}.Debug|Any CPU.Build.0 = Debug|Any CPU
		{4655210C-E600-4F1A-8FC3-48B9001E1DD6}.Release|Any CPU.ActiveCfg = Release|Any CPU
		{4655210C-E600-4F1A-8FC3-48B9001E1DD6}.Release|Any CPU.Build.0 = Release|Any CPU
		{DBA989D6-6260-4CFE-AABA-53CE2FE6A54D}.Debug|Any CPU.ActiveCfg = Debug|Any CPU
		{DBA989D6-6260-4CFE-AABA-53CE2FE6A54D}.Debug|Any CPU.Build.0 = Debug|Any CPU
		{DBA989D6-6260-4CFE-AABA-53CE2FE6A54D}.Release|Any CPU.ActiveCfg = Release|Any CPU
		{DBA989D6-6260-4CFE-AABA-53CE2FE6A54D}.Release|Any CPU.Build.0 = Release|Any CPU
		{D0F770F6-1C68-4124-9EC0-6F09E7DCD25D}.Debug|Any CPU.ActiveCfg = Debug|Any CPU
		{D0F770F6-1C68-4124-9EC0-6F09E7DCD25D}.Debug|Any CPU.Build.0 = Debug|Any CPU
		{D0F770F6-1C68-4124-9EC0-6F09E7DCD25D}.Release|Any CPU.ActiveCfg = Release|Any CPU
		{D0F770F6-1C68-4124-9EC0-6F09E7DCD25D}.Release|Any CPU.Build.0 = Release|Any CPU
		{7EE6CC8D-7877-4CD4-B755-A54F3238752F}.Debug|Any CPU.ActiveCfg = Debug|Any CPU
		{7EE6CC8D-7877-4CD4-B755-A54F3238752F}.Debug|Any CPU.Build.0 = Debug|Any CPU
		{7EE6CC8D-7877-4CD4-B755-A54F3238752F}.Release|Any CPU.ActiveCfg = Release|Any CPU
		{7EE6CC8D-7877-4CD4-B755-A54F3238752F}.Release|Any CPU.Build.0 = Release|Any CPU
		{F323DB9B-74C9-4BF0-BB0A-78052C9E0795}.Debug|Any CPU.ActiveCfg = Debug|Any CPU
		{F323DB9B-74C9-4BF0-BB0A-78052C9E0795}.Debug|Any CPU.Build.0 = Debug|Any CPU
		{F323DB9B-74C9-4BF0-BB0A-78052C9E0795}.Release|Any CPU.ActiveCfg = Release|Any CPU
		{F323DB9B-74C9-4BF0-BB0A-78052C9E0795}.Release|Any CPU.Build.0 = Release|Any CPU
		{A03FA29E-43E5-44A9-AFF0-0540895E2B82}.Debug|Any CPU.ActiveCfg = Debug|Any CPU
		{A03FA29E-43E5-44A9-AFF0-0540895E2B82}.Debug|Any CPU.Build.0 = Debug|Any CPU
		{A03FA29E-43E5-44A9-AFF0-0540895E2B82}.Release|Any CPU.ActiveCfg = Release|Any CPU
		{A03FA29E-43E5-44A9-AFF0-0540895E2B82}.Release|Any CPU.Build.0 = Release|Any CPU
		{43352C2A-D500-4846-9B7F-B8EECE4028DF}.Debug|Any CPU.ActiveCfg = Debug|Any CPU
		{43352C2A-D500-4846-9B7F-B8EECE4028DF}.Debug|Any CPU.Build.0 = Debug|Any CPU
		{43352C2A-D500-4846-9B7F-B8EECE4028DF}.Release|Any CPU.ActiveCfg = Release|Any CPU
		{43352C2A-D500-4846-9B7F-B8EECE4028DF}.Release|Any CPU.Build.0 = Release|Any CPU
		{9E8AD0AE-D946-4706-AA22-55D951989414}.Debug|Any CPU.ActiveCfg = Debug|Any CPU
		{9E8AD0AE-D946-4706-AA22-55D951989414}.Debug|Any CPU.Build.0 = Debug|Any CPU
		{9E8AD0AE-D946-4706-AA22-55D951989414}.Release|Any CPU.ActiveCfg = Release|Any CPU
		{9E8AD0AE-D946-4706-AA22-55D951989414}.Release|Any CPU.Build.0 = Release|Any CPU
		{BAE16243-BBBC-42C6-9E98-F4DDBDFA3E68}.Debug|Any CPU.ActiveCfg = Debug|Any CPU
		{BAE16243-BBBC-42C6-9E98-F4DDBDFA3E68}.Debug|Any CPU.Build.0 = Debug|Any CPU
		{BAE16243-BBBC-42C6-9E98-F4DDBDFA3E68}.Release|Any CPU.ActiveCfg = Release|Any CPU
		{BAE16243-BBBC-42C6-9E98-F4DDBDFA3E68}.Release|Any CPU.Build.0 = Release|Any CPU
		{C7D70EA0-D7BB-4995-A1AE-2C9F811A4978}.Debug|Any CPU.ActiveCfg = Debug|Any CPU
		{C7D70EA0-D7BB-4995-A1AE-2C9F811A4978}.Debug|Any CPU.Build.0 = Debug|Any CPU
		{C7D70EA0-D7BB-4995-A1AE-2C9F811A4978}.Release|Any CPU.ActiveCfg = Release|Any CPU
		{C7D70EA0-D7BB-4995-A1AE-2C9F811A4978}.Release|Any CPU.Build.0 = Release|Any CPU
		{6B352E6C-C433-4BA0-B4F8-77411F981C76}.Debug|Any CPU.ActiveCfg = Debug|Any CPU
		{6B352E6C-C433-4BA0-B4F8-77411F981C76}.Debug|Any CPU.Build.0 = Debug|Any CPU
		{6B352E6C-C433-4BA0-B4F8-77411F981C76}.Release|Any CPU.ActiveCfg = Release|Any CPU
		{6B352E6C-C433-4BA0-B4F8-77411F981C76}.Release|Any CPU.Build.0 = Release|Any CPU
		{E5F56CC5-AA8C-4132-AC2C-1B6109CD0D22}.Debug|Any CPU.ActiveCfg = Debug|Any CPU
		{E5F56CC5-AA8C-4132-AC2C-1B6109CD0D22}.Debug|Any CPU.Build.0 = Debug|Any CPU
		{E5F56CC5-AA8C-4132-AC2C-1B6109CD0D22}.Release|Any CPU.ActiveCfg = Release|Any CPU
		{E5F56CC5-AA8C-4132-AC2C-1B6109CD0D22}.Release|Any CPU.Build.0 = Release|Any CPU
		{98C7BDD3-0276-4CB8-8AB7-495162598477}.Debug|Any CPU.ActiveCfg = Debug|Any CPU
		{98C7BDD3-0276-4CB8-8AB7-495162598477}.Debug|Any CPU.Build.0 = Debug|Any CPU
		{98C7BDD3-0276-4CB8-8AB7-495162598477}.Release|Any CPU.ActiveCfg = Release|Any CPU
		{98C7BDD3-0276-4CB8-8AB7-495162598477}.Release|Any CPU.Build.0 = Release|Any CPU
		{734262AE-8224-44ED-A248-8B2F486D574A}.Debug|Any CPU.ActiveCfg = Debug|Any CPU
		{734262AE-8224-44ED-A248-8B2F486D574A}.Debug|Any CPU.Build.0 = Debug|Any CPU
		{734262AE-8224-44ED-A248-8B2F486D574A}.Release|Any CPU.ActiveCfg = Release|Any CPU
		{734262AE-8224-44ED-A248-8B2F486D574A}.Release|Any CPU.Build.0 = Release|Any CPU
		{A4324151-841B-4ECF-9AC4-E9B9006D26A7}.Debug|Any CPU.ActiveCfg = Debug|Any CPU
		{A4324151-841B-4ECF-9AC4-E9B9006D26A7}.Debug|Any CPU.Build.0 = Debug|Any CPU
		{A4324151-841B-4ECF-9AC4-E9B9006D26A7}.Release|Any CPU.ActiveCfg = Release|Any CPU
		{A4324151-841B-4ECF-9AC4-E9B9006D26A7}.Release|Any CPU.Build.0 = Release|Any CPU
		{BDD96AF6-6CB3-4771-8FDD-3DACF6EF198C}.Debug|Any CPU.ActiveCfg = Debug|Any CPU
		{BDD96AF6-6CB3-4771-8FDD-3DACF6EF198C}.Debug|Any CPU.Build.0 = Debug|Any CPU
		{BDD96AF6-6CB3-4771-8FDD-3DACF6EF198C}.Release|Any CPU.ActiveCfg = Release|Any CPU
		{BDD96AF6-6CB3-4771-8FDD-3DACF6EF198C}.Release|Any CPU.Build.0 = Release|Any CPU
		{806BAC26-56EF-492A-BF29-57C336EC5CD7}.Debug|Any CPU.ActiveCfg = Debug|Any CPU
		{806BAC26-56EF-492A-BF29-57C336EC5CD7}.Debug|Any CPU.Build.0 = Debug|Any CPU
		{806BAC26-56EF-492A-BF29-57C336EC5CD7}.Release|Any CPU.ActiveCfg = Release|Any CPU
		{806BAC26-56EF-492A-BF29-57C336EC5CD7}.Release|Any CPU.Build.0 = Release|Any CPU
		{A635F190-533A-4D25-BBF0-A9BDC0FDF2A6}.Debug|Any CPU.ActiveCfg = Debug|Any CPU
		{A635F190-533A-4D25-BBF0-A9BDC0FDF2A6}.Debug|Any CPU.Build.0 = Debug|Any CPU
		{A635F190-533A-4D25-BBF0-A9BDC0FDF2A6}.Release|Any CPU.ActiveCfg = Release|Any CPU
		{A635F190-533A-4D25-BBF0-A9BDC0FDF2A6}.Release|Any CPU.Build.0 = Release|Any CPU
		{5DF47DDC-FCC3-4D13-A12A-8FEA17DB72F4}.Debug|Any CPU.ActiveCfg = Debug|Any CPU
		{5DF47DDC-FCC3-4D13-A12A-8FEA17DB72F4}.Debug|Any CPU.Build.0 = Debug|Any CPU
		{5DF47DDC-FCC3-4D13-A12A-8FEA17DB72F4}.Release|Any CPU.ActiveCfg = Release|Any CPU
		{5DF47DDC-FCC3-4D13-A12A-8FEA17DB72F4}.Release|Any CPU.Build.0 = Release|Any CPU
		{3FF0350B-B6D0-4D0F-BD83-A9A1D0CFC3A2}.Debug|Any CPU.ActiveCfg = Debug|Any CPU
		{3FF0350B-B6D0-4D0F-BD83-A9A1D0CFC3A2}.Debug|Any CPU.Build.0 = Debug|Any CPU
		{3FF0350B-B6D0-4D0F-BD83-A9A1D0CFC3A2}.Release|Any CPU.ActiveCfg = Release|Any CPU
		{3FF0350B-B6D0-4D0F-BD83-A9A1D0CFC3A2}.Release|Any CPU.Build.0 = Release|Any CPU
		{66EC751E-2238-4784-8B64-DC4304148BAE}.Debug|Any CPU.ActiveCfg = Debug|Any CPU
		{66EC751E-2238-4784-8B64-DC4304148BAE}.Debug|Any CPU.Build.0 = Debug|Any CPU
		{66EC751E-2238-4784-8B64-DC4304148BAE}.Release|Any CPU.ActiveCfg = Release|Any CPU
		{66EC751E-2238-4784-8B64-DC4304148BAE}.Release|Any CPU.Build.0 = Release|Any CPU
		{FB65C362-CDED-4CE9-959C-798944528117}.Debug|Any CPU.ActiveCfg = Debug|Any CPU
		{FB65C362-CDED-4CE9-959C-798944528117}.Debug|Any CPU.Build.0 = Debug|Any CPU
		{FB65C362-CDED-4CE9-959C-798944528117}.Release|Any CPU.ActiveCfg = Release|Any CPU
		{FB65C362-CDED-4CE9-959C-798944528117}.Release|Any CPU.Build.0 = Release|Any CPU
		{FA958D54-4936-4B1A-BA78-165B59B3E0F8}.Debug|Any CPU.ActiveCfg = Debug|Any CPU
		{FA958D54-4936-4B1A-BA78-165B59B3E0F8}.Debug|Any CPU.Build.0 = Debug|Any CPU
		{FA958D54-4936-4B1A-BA78-165B59B3E0F8}.Release|Any CPU.ActiveCfg = Release|Any CPU
		{FA958D54-4936-4B1A-BA78-165B59B3E0F8}.Release|Any CPU.Build.0 = Release|Any CPU
		{E7A23979-ACEC-4159-8957-BB2AACDA326D}.Debug|Any CPU.ActiveCfg = Debug|Any CPU
		{E7A23979-ACEC-4159-8957-BB2AACDA326D}.Debug|Any CPU.Build.0 = Debug|Any CPU
		{E7A23979-ACEC-4159-8957-BB2AACDA326D}.Release|Any CPU.ActiveCfg = Release|Any CPU
		{E7A23979-ACEC-4159-8957-BB2AACDA326D}.Release|Any CPU.Build.0 = Release|Any CPU
	EndGlobalSection
	GlobalSection(SolutionProperties) = preSolution
		HideSolutionNode = FALSE
	EndGlobalSection
	GlobalSection(NestedProjects) = preSolution
		{3FF0350B-B6D0-4D0F-BD83-A9A1D0CFC3A2} = {7C4438F6-0356-4B98-8A12-27B622038C81}
		{66EC751E-2238-4784-8B64-DC4304148BAE} = {7C4438F6-0356-4B98-8A12-27B622038C81}
		{FB65C362-CDED-4CE9-959C-798944528117} = {7C4438F6-0356-4B98-8A12-27B622038C81}
		{FA958D54-4936-4B1A-BA78-165B59B3E0F8} = {7C4438F6-0356-4B98-8A12-27B622038C81}
		{E7A23979-ACEC-4159-8957-BB2AACDA326D} = {7C4438F6-0356-4B98-8A12-27B622038C81}
	EndGlobalSection
	GlobalSection(ExtensibilityGlobals) = postSolution
		SolutionGuid = {481A5F37-6076-4268-92F1-D670B22C04AE}
	EndGlobalSection
EndGlobal
