
Microsoft Visual Studio Solution File, Format Version 12.00
# Visual Studio Version 17
VisualStudioVersion = 17.1.32421.90
MinimumVisualStudioVersion = 10.0.40219.1
Project("{FAE04EC0-301F-11D3-BF4B-00C04F79EFBC}") = "01_StrategyPattern", "01_StrategyPattern\01_StrategyPattern.csproj", "{F7520C94-94E8-46D3-8C63-7417B187BDEC}"
EndProject
Project("{9A19103F-16F7-4668-BE54-9A1E7A4F7556}") = "02_ProxyPattern", "ProxyPattern\02_ProxyPattern.csproj", "{B24BF89C-4FE2-4D3D-8767-C4D9763CF76A}"
EndProject
Project("{9A19103F-16F7-4668-BE54-9A1E7A4F7556}") = "03_FactoryPattern", "03_FactoryPattern\03_FactoryPattern.csproj", "{3A35925C-8D21-4E85-8A59-A40CC8BE41CA}"
EndProject
Project("{9A19103F-16F7-4668-BE54-9A1E7A4F7556}") = "04_RepositoryPattern", "RepositoryPattern\04_RepositoryPattern.csproj", "{04CD212A-413A-4A0A-94B8-BD69679CB5C2}"
EndProject
Project("{9A19103F-16F7-4668-BE54-9A1E7A4F7556}") = "_05_AdapterPattern", "_05_AdapterPattern\_05_AdapterPattern.csproj", "{3A535959-4A76-48E0-B3C0-DB3D00D9C43D}"
EndProject
Project("{FAE04EC0-301F-11D3-BF4B-00C04F79EFBC}") = "_06_DecoratorPattern", "_06_DecoratorPattern\_06_DecoratorPattern.csproj", "{1AB5C1EC-80A3-4C7D-965B-3A9284E67AF1}"
EndProject
Project("{9A19103F-16F7-4668-BE54-9A1E7A4F7556}") = "SingletonDesignPattern", "SingletonDesignPattern\SingletonDesignPattern.csproj", "{2741B08E-48CD-4BD2-9DD4-B8772FB404AF}"
EndProject
Project("{9A19103F-16F7-4668-BE54-9A1E7A4F7556}") = "_07_CommandPattern", "_07_CommandPattern\_07_CommandPattern.csproj", "{6D9D85EE-3904-4576-A14A-AD91999AE7CB}"
EndProject
Project("{FAE04EC0-301F-11D3-BF4B-00C04F79EFBC}") = "_10_BridgePattern", "_10BridgeDesignPattern\_10_BridgePattern.csproj", "{0C777E6A-249D-4B6B-A733-9F21B8A78B56}"
EndProject
Global
	GlobalSection(SolutionConfigurationPlatforms) = preSolution
		Debug|Any CPU = Debug|Any CPU
		Release|Any CPU = Release|Any CPU
	EndGlobalSection
	GlobalSection(ProjectConfigurationPlatforms) = postSolution
		{F7520C94-94E8-46D3-8C63-7417B187BDEC}.Debug|Any CPU.ActiveCfg = Debug|Any CPU
		{F7520C94-94E8-46D3-8C63-7417B187BDEC}.Debug|Any CPU.Build.0 = Debug|Any CPU
		{F7520C94-94E8-46D3-8C63-7417B187BDEC}.Release|Any CPU.ActiveCfg = Release|Any CPU
		{F7520C94-94E8-46D3-8C63-7417B187BDEC}.Release|Any CPU.Build.0 = Release|Any CPU
		{B24BF89C-4FE2-4D3D-8767-C4D9763CF76A}.Debug|Any CPU.ActiveCfg = Debug|Any CPU
		{B24BF89C-4FE2-4D3D-8767-C4D9763CF76A}.Debug|Any CPU.Build.0 = Debug|Any CPU
		{B24BF89C-4FE2-4D3D-8767-C4D9763CF76A}.Release|Any CPU.ActiveCfg = Release|Any CPU
		{B24BF89C-4FE2-4D3D-8767-C4D9763CF76A}.Release|Any CPU.Build.0 = Release|Any CPU
		{3A35925C-8D21-4E85-8A59-A40CC8BE41CA}.Debug|Any CPU.ActiveCfg = Debug|Any CPU
		{3A35925C-8D21-4E85-8A59-A40CC8BE41CA}.Debug|Any CPU.Build.0 = Debug|Any CPU
		{3A35925C-8D21-4E85-8A59-A40CC8BE41CA}.Release|Any CPU.ActiveCfg = Release|Any CPU
		{3A35925C-8D21-4E85-8A59-A40CC8BE41CA}.Release|Any CPU.Build.0 = Release|Any CPU
		{04CD212A-413A-4A0A-94B8-BD69679CB5C2}.Debug|Any CPU.ActiveCfg = Debug|Any CPU
		{04CD212A-413A-4A0A-94B8-BD69679CB5C2}.Debug|Any CPU.Build.0 = Debug|Any CPU
		{04CD212A-413A-4A0A-94B8-BD69679CB5C2}.Release|Any CPU.ActiveCfg = Release|Any CPU
		{04CD212A-413A-4A0A-94B8-BD69679CB5C2}.Release|Any CPU.Build.0 = Release|Any CPU
		{3A535959-4A76-48E0-B3C0-DB3D00D9C43D}.Debug|Any CPU.ActiveCfg = Debug|Any CPU
		{3A535959-4A76-48E0-B3C0-DB3D00D9C43D}.Debug|Any CPU.Build.0 = Debug|Any CPU
		{3A535959-4A76-48E0-B3C0-DB3D00D9C43D}.Release|Any CPU.ActiveCfg = Release|Any CPU
		{3A535959-4A76-48E0-B3C0-DB3D00D9C43D}.Release|Any CPU.Build.0 = Release|Any CPU
		{1AB5C1EC-80A3-4C7D-965B-3A9284E67AF1}.Debug|Any CPU.ActiveCfg = Debug|Any CPU
		{1AB5C1EC-80A3-4C7D-965B-3A9284E67AF1}.Debug|Any CPU.Build.0 = Debug|Any CPU
		{1AB5C1EC-80A3-4C7D-965B-3A9284E67AF1}.Release|Any CPU.ActiveCfg = Release|Any CPU
		{1AB5C1EC-80A3-4C7D-965B-3A9284E67AF1}.Release|Any CPU.Build.0 = Release|Any CPU
		{2741B08E-48CD-4BD2-9DD4-B8772FB404AF}.Debug|Any CPU.ActiveCfg = Debug|Any CPU
		{2741B08E-48CD-4BD2-9DD4-B8772FB404AF}.Debug|Any CPU.Build.0 = Debug|Any CPU
		{2741B08E-48CD-4BD2-9DD4-B8772FB404AF}.Release|Any CPU.ActiveCfg = Release|Any CPU
		{2741B08E-48CD-4BD2-9DD4-B8772FB404AF}.Release|Any CPU.Build.0 = Release|Any CPU
		{6D9D85EE-3904-4576-A14A-AD91999AE7CB}.Debug|Any CPU.ActiveCfg = Debug|Any CPU
		{6D9D85EE-3904-4576-A14A-AD91999AE7CB}.Debug|Any CPU.Build.0 = Debug|Any CPU
		{6D9D85EE-3904-4576-A14A-AD91999AE7CB}.Release|Any CPU.ActiveCfg = Release|Any CPU
		{6D9D85EE-3904-4576-A14A-AD91999AE7CB}.Release|Any CPU.Build.0 = Release|Any CPU
		{0C777E6A-249D-4B6B-A733-9F21B8A78B56}.Debug|Any CPU.ActiveCfg = Debug|Any CPU
		{0C777E6A-249D-4B6B-A733-9F21B8A78B56}.Debug|Any CPU.Build.0 = Debug|Any CPU
		{0C777E6A-249D-4B6B-A733-9F21B8A78B56}.Release|Any CPU.ActiveCfg = Release|Any CPU
		{0C777E6A-249D-4B6B-A733-9F21B8A78B56}.Release|Any CPU.Build.0 = Release|Any CPU
	EndGlobalSection
	GlobalSection(SolutionProperties) = preSolution
		HideSolutionNode = FALSE
	EndGlobalSection
	GlobalSection(ExtensibilityGlobals) = postSolution
		SolutionGuid = {381B8A1F-ABAB-4B6C-8A0D-E42BFD1DA619}
	EndGlobalSection
EndGlobal
