
Microsoft Visual Studio Solution File, Format Version 12.00
# Visual Studio Version 17
VisualStudioVersion = 17.0.31912.275
MinimumVisualStudioVersion = 10.0.40219.1
Project("{9A19103F-16F7-4668-BE54-9A1E7A4F7556}") = "StrategyPattern", "StrategyPattern\StrategyPattern.csproj", "{B2822129-2EF8-4EAA-A4C9-90526B959468}"
EndProject
Project("{9A19103F-16F7-4668-BE54-9A1E7A4F7556}") = "ProxyPattern", "ProxyPattern\ProxyPattern.csproj", "{9E26AE37-6674-4384-A403-ECB2480349BB}"
EndProject
Project("{9A19103F-16F7-4668-BE54-9A1E7A4F7556}") = "SmartProxyPattern", "SmartProxyPattern\SmartProxyPattern.csproj", "{A136D7FB-1544-4E63-AE53-4F160675CF71}"
EndProject
Project("{9A19103F-16F7-4668-BE54-9A1E7A4F7556}") = "FactoryPattern", "FactoryPattern\FactoryPattern.csproj", "{5F5D4D5F-0B12-4430-B148-71CB3836BDF1}"
EndProject
Project("{FAE04EC0-301F-11D3-BF4B-00C04F79EFBC}") = "AbstractFactory", "AbstractFactory\AbstractFactory.csproj", "{62871713-4DEF-48D5-9CA8-33432F7CC859}"
EndProject
Project("{9A19103F-16F7-4668-BE54-9A1E7A4F7556}") = "BuilderPattern", "BuilderPattern\BuilderPattern.csproj", "{DA762628-465B-430C-A398-C05189FCDC85}"
EndProject
Project("{9A19103F-16F7-4668-BE54-9A1E7A4F7556}") = "RepositoryDesignPattern", "RepositoryDesignPattern\RepositoryDesignPattern.csproj", "{5D0A7A20-0F4A-4740-801F-098AB1F4C7A3}"
EndProject
Project("{9A19103F-16F7-4668-BE54-9A1E7A4F7556}") = "AdapterPattern", "AdapterPattern\AdapterPattern.csproj", "{90BA078A-9980-473F-B290-F27E59BE79E3}"
EndProject
Project("{9A19103F-16F7-4668-BE54-9A1E7A4F7556}") = "DecoratorPattern", "DecoratorPattern\DecoratorPattern.csproj", "{C08704D2-0F54-4ED8-B96F-8698BC35B973}"
EndProject
Project("{9A19103F-16F7-4668-BE54-9A1E7A4F7556}") = "SingletonPattern", "SingletonPattern\SingletonPattern.csproj", "{34567841-2E25-48B1-8783-509AD4CBA0F9}"
EndProject
Project("{9A19103F-16F7-4668-BE54-9A1E7A4F7556}") = "Cqrs", "Cqrs\Cqrs.csproj", "{EED7538F-8753-4952-9E8C-D427CE21AEDC}"
EndProject
Project("{9A19103F-16F7-4668-BE54-9A1E7A4F7556}") = "RepositoryDesignPatternTests", "RepositoryDesignPatternTests\RepositoryDesignPatternTests.csproj", "{805F0FDD-1930-44D1-92E2-42FCF5DABB21}"
EndProject
Project("{9A19103F-16F7-4668-BE54-9A1E7A4F7556}") = "BuilderPatternTests", "BuilderPatternTests\BuilderPatternTests.csproj", "{484CD84B-AA37-4F40-B965-F4898B224782}"
EndProject
Project("{9A19103F-16F7-4668-BE54-9A1E7A4F7556}") = "CqrsTests", "CqrsTests\CqrsTests.csproj", "{8787002F-9E72-4428-8F49-0E7E7F0FB8E0}"
EndProject
Project("{9A19103F-16F7-4668-BE54-9A1E7A4F7556}") = "FizzBuzz", "FizzBuzz\FizzBuzz.csproj", "{C9F7DE6C-F825-47E6-A15D-A0CD357C593D}"
EndProject
Project("{9A19103F-16F7-4668-BE54-9A1E7A4F7556}") = "FizzBuzzTests", "FizzBuzzTests\FizzBuzzTests.csproj", "{37331CD1-1CCB-455B-95D2-7777D7D9AAA4}"
EndProject
Project("{9A19103F-16F7-4668-BE54-9A1E7A4F7556}") = "BridgePattern", "BridgePattern\BridgePattern.csproj", "{6CD3828A-B8BD-47DD-A1CD-17E461E1C834}"
EndProject
Project("{9A19103F-16F7-4668-BE54-9A1E7A4F7556}") = "FacadePattern", "FacadePattern\FacadePattern.csproj", "{B104D786-44F4-4100-B53A-A06D03F81959}"
EndProject
Project("{9A19103F-16F7-4668-BE54-9A1E7A4F7556}") = "PublicToilet", "PublicToilet\PublicToilet.csproj", "{016FF19F-FC34-4A06-817D-FD46516F2E72}"
EndProject
Project("{9A19103F-16F7-4668-BE54-9A1E7A4F7556}") = "VisitorPattern", "VisitorPattern\VisitorPattern.csproj", "{3BD797C6-80DC-4B28-ABFF-895D54648446}"
EndProject
Project("{9A19103F-16F7-4668-BE54-9A1E7A4F7556}") = "CompositePattern", "CompositePattern\CompositePattern.csproj", "{E5E88D53-26F6-41FF-A8AB-EBB2E1274CC9}"
EndProject
Project("{9A19103F-16F7-4668-BE54-9A1E7A4F7556}") = "CompositePattern2", "CompositePattern2\CompositePattern2.csproj", "{9B85C668-D90E-4DE0-AB7D-CE821994814F}"
EndProject
Project("{9A19103F-16F7-4668-BE54-9A1E7A4F7556}") = "IteratorPattern", "IteratorPattern\IteratorPattern.csproj", "{17A5504D-9FF1-41A0-AEED-4D5D0B532B1D}"
EndProject
Project("{9A19103F-16F7-4668-BE54-9A1E7A4F7556}") = "PrototypePattern", "PrototypePattern\PrototypePattern.csproj", "{0D76DF36-AD30-4DFD-9CF6-9897BE7E16FA}"
EndProject
Project("{9A19103F-16F7-4668-BE54-9A1E7A4F7556}") = "ChainOfResponsibility1", "ChainOfResponsibility1\ChainOfResponsibility1.csproj", "{33236DC4-2B1D-4D45-AFBC-624E81580F55}"
EndProject
Project("{9A19103F-16F7-4668-BE54-9A1E7A4F7556}") = "ChainOfResponsibility2", "ChainOfResponsibility2\ChainOfResponsibility2.csproj", "{2595CEF8-4BAC-4010-AC89-0ACB66056FFA}"
EndProject
Project("{9A19103F-16F7-4668-BE54-9A1E7A4F7556}") = "PeopleRegistration", "PeopleRegistration\PeopleRegistration.csproj", "{39E433A2-FFD1-491F-BCBF-D09222DDF679}"
EndProject
Project("{9A19103F-16F7-4668-BE54-9A1E7A4F7556}") = "ObjectChatApplication", "ObjectChatApplication\ObjectChatApplication.csproj", "{7110A5AD-E33C-4A3C-B7F8-5AA48B1C37C1}"
EndProject
Project("{9A19103F-16F7-4668-BE54-9A1E7A4F7556}") = "ObjectChatApplicationMediator", "ObjectChatApplicationMediator\ObjectChatApplicationMediator.csproj", "{9DE30EF0-C18E-4E91-B689-2A9E658E4B23}"
EndProject
Project("{9A19103F-16F7-4668-BE54-9A1E7A4F7556}") = "FlyweightPattern", "FlyweightPattern\FlyweightPattern.csproj", "{6C0A660C-BACC-4034-A238-1F0F04CC0105}"
EndProject
Project("{9A19103F-16F7-4668-BE54-9A1E7A4F7556}") = "TemplateMethodPattern", "TemplateMethodPattern\TemplateMethodPattern.csproj", "{22AD6E2A-94A5-450A-8514-CC0BD6ED65B2}"
EndProject
Project("{9A19103F-16F7-4668-BE54-9A1E7A4F7556}") = "BridgeEditViewMVC", "BridgeEditViewMVC\BridgeEditViewMVC.csproj", "{46BC278E-AD83-49B1-9D8B-3885E3371EE0}"
EndProject
Project("{9A19103F-16F7-4668-BE54-9A1E7A4F7556}") = "Net8newFeatures", "Net8newFeatures\Net8newFeatures.csproj", "{376871EE-C82A-419D-BDB5-65AD22B80B50}"
EndProject
Project("{9A19103F-16F7-4668-BE54-9A1E7A4F7556}") = "Logging.Api", "Logging\Logging.Api.csproj", "{C3995E48-17EE-48DA-BFA6-B5D8E478C384}"
EndProject
Project("{2150E333-8FDC-42A3-9474-1A3956D46DE8}") = "Project Logging", "Project Logging", "{73747857-3221-490F-BE30-7993E1B87C3F}"
	ProjectSection(SolutionItems) = preProject
		todos.cs = todos.cs
	EndProjectSection
EndProject
Project("{9A19103F-16F7-4668-BE54-9A1E7A4F7556}") = "Logging.Domain", "Logging.Domain\Logging.Domain.csproj", "{E6420947-1B01-4F96-93F6-28B8C5D44DA2}"
EndProject
Project("{9A19103F-16F7-4668-BE54-9A1E7A4F7556}") = "Logging.Data", "Logging.Data\Logging.Data.csproj", "{82FCDA83-A663-45E4-9926-5D5373A6A9F5}"
EndProject
Project("{9A19103F-16F7-4668-BE54-9A1E7A4F7556}") = "Logging.WebApp", "Logging.WebApp\Logging.WebApp.csproj", "{3BF9FD01-C52F-4719-ABB2-4BE56B20922A}"
EndProject
Project("{FAE04EC0-301F-11D3-BF4B-00C04F79EFBC}") = "Logging.Data.Api", "Logging.Data.Api\Logging.Data.Api.csproj", "{4249B3DD-4FB1-48EE-A1F3-12FCDA0F6B27}"
EndProject
Global
	GlobalSection(SolutionConfigurationPlatforms) = preSolution
		Debug|Any CPU = Debug|Any CPU
		Release|Any CPU = Release|Any CPU
	EndGlobalSection
	GlobalSection(ProjectConfigurationPlatforms) = postSolution
		{B2822129-2EF8-4EAA-A4C9-90526B959468}.Debug|Any CPU.ActiveCfg = Debug|Any CPU
		{B2822129-2EF8-4EAA-A4C9-90526B959468}.Debug|Any CPU.Build.0 = Debug|Any CPU
		{B2822129-2EF8-4EAA-A4C9-90526B959468}.Release|Any CPU.ActiveCfg = Release|Any CPU
		{B2822129-2EF8-4EAA-A4C9-90526B959468}.Release|Any CPU.Build.0 = Release|Any CPU
		{9E26AE37-6674-4384-A403-ECB2480349BB}.Debug|Any CPU.ActiveCfg = Debug|Any CPU
		{9E26AE37-6674-4384-A403-ECB2480349BB}.Debug|Any CPU.Build.0 = Debug|Any CPU
		{9E26AE37-6674-4384-A403-ECB2480349BB}.Release|Any CPU.ActiveCfg = Release|Any CPU
		{9E26AE37-6674-4384-A403-ECB2480349BB}.Release|Any CPU.Build.0 = Release|Any CPU
		{A136D7FB-1544-4E63-AE53-4F160675CF71}.Debug|Any CPU.ActiveCfg = Debug|Any CPU
		{A136D7FB-1544-4E63-AE53-4F160675CF71}.Debug|Any CPU.Build.0 = Debug|Any CPU
		{A136D7FB-1544-4E63-AE53-4F160675CF71}.Release|Any CPU.ActiveCfg = Release|Any CPU
		{A136D7FB-1544-4E63-AE53-4F160675CF71}.Release|Any CPU.Build.0 = Release|Any CPU
		{5F5D4D5F-0B12-4430-B148-71CB3836BDF1}.Debug|Any CPU.ActiveCfg = Debug|Any CPU
		{5F5D4D5F-0B12-4430-B148-71CB3836BDF1}.Debug|Any CPU.Build.0 = Debug|Any CPU
		{5F5D4D5F-0B12-4430-B148-71CB3836BDF1}.Release|Any CPU.ActiveCfg = Release|Any CPU
		{5F5D4D5F-0B12-4430-B148-71CB3836BDF1}.Release|Any CPU.Build.0 = Release|Any CPU
		{62871713-4DEF-48D5-9CA8-33432F7CC859}.Debug|Any CPU.ActiveCfg = Debug|Any CPU
		{62871713-4DEF-48D5-9CA8-33432F7CC859}.Debug|Any CPU.Build.0 = Debug|Any CPU
		{62871713-4DEF-48D5-9CA8-33432F7CC859}.Release|Any CPU.ActiveCfg = Release|Any CPU
		{62871713-4DEF-48D5-9CA8-33432F7CC859}.Release|Any CPU.Build.0 = Release|Any CPU
		{DA762628-465B-430C-A398-C05189FCDC85}.Debug|Any CPU.ActiveCfg = Debug|Any CPU
		{DA762628-465B-430C-A398-C05189FCDC85}.Debug|Any CPU.Build.0 = Debug|Any CPU
		{DA762628-465B-430C-A398-C05189FCDC85}.Release|Any CPU.ActiveCfg = Release|Any CPU
		{DA762628-465B-430C-A398-C05189FCDC85}.Release|Any CPU.Build.0 = Release|Any CPU
		{5D0A7A20-0F4A-4740-801F-098AB1F4C7A3}.Debug|Any CPU.ActiveCfg = Debug|Any CPU
		{5D0A7A20-0F4A-4740-801F-098AB1F4C7A3}.Debug|Any CPU.Build.0 = Debug|Any CPU
		{5D0A7A20-0F4A-4740-801F-098AB1F4C7A3}.Release|Any CPU.ActiveCfg = Release|Any CPU
		{5D0A7A20-0F4A-4740-801F-098AB1F4C7A3}.Release|Any CPU.Build.0 = Release|Any CPU
		{90BA078A-9980-473F-B290-F27E59BE79E3}.Debug|Any CPU.ActiveCfg = Debug|Any CPU
		{90BA078A-9980-473F-B290-F27E59BE79E3}.Debug|Any CPU.Build.0 = Debug|Any CPU
		{90BA078A-9980-473F-B290-F27E59BE79E3}.Release|Any CPU.ActiveCfg = Release|Any CPU
		{90BA078A-9980-473F-B290-F27E59BE79E3}.Release|Any CPU.Build.0 = Release|Any CPU
		{C08704D2-0F54-4ED8-B96F-8698BC35B973}.Debug|Any CPU.ActiveCfg = Debug|Any CPU
		{C08704D2-0F54-4ED8-B96F-8698BC35B973}.Debug|Any CPU.Build.0 = Debug|Any CPU
		{C08704D2-0F54-4ED8-B96F-8698BC35B973}.Release|Any CPU.ActiveCfg = Release|Any CPU
		{C08704D2-0F54-4ED8-B96F-8698BC35B973}.Release|Any CPU.Build.0 = Release|Any CPU
		{34567841-2E25-48B1-8783-509AD4CBA0F9}.Debug|Any CPU.ActiveCfg = Debug|Any CPU
		{34567841-2E25-48B1-8783-509AD4CBA0F9}.Debug|Any CPU.Build.0 = Debug|Any CPU
		{34567841-2E25-48B1-8783-509AD4CBA0F9}.Release|Any CPU.ActiveCfg = Release|Any CPU
		{34567841-2E25-48B1-8783-509AD4CBA0F9}.Release|Any CPU.Build.0 = Release|Any CPU
		{EED7538F-8753-4952-9E8C-D427CE21AEDC}.Debug|Any CPU.ActiveCfg = Debug|Any CPU
		{EED7538F-8753-4952-9E8C-D427CE21AEDC}.Debug|Any CPU.Build.0 = Debug|Any CPU
		{EED7538F-8753-4952-9E8C-D427CE21AEDC}.Release|Any CPU.ActiveCfg = Release|Any CPU
		{EED7538F-8753-4952-9E8C-D427CE21AEDC}.Release|Any CPU.Build.0 = Release|Any CPU
		{805F0FDD-1930-44D1-92E2-42FCF5DABB21}.Debug|Any CPU.ActiveCfg = Debug|Any CPU
		{805F0FDD-1930-44D1-92E2-42FCF5DABB21}.Debug|Any CPU.Build.0 = Debug|Any CPU
		{805F0FDD-1930-44D1-92E2-42FCF5DABB21}.Release|Any CPU.ActiveCfg = Release|Any CPU
		{805F0FDD-1930-44D1-92E2-42FCF5DABB21}.Release|Any CPU.Build.0 = Release|Any CPU
		{484CD84B-AA37-4F40-B965-F4898B224782}.Debug|Any CPU.ActiveCfg = Debug|Any CPU
		{484CD84B-AA37-4F40-B965-F4898B224782}.Debug|Any CPU.Build.0 = Debug|Any CPU
		{484CD84B-AA37-4F40-B965-F4898B224782}.Release|Any CPU.ActiveCfg = Release|Any CPU
		{484CD84B-AA37-4F40-B965-F4898B224782}.Release|Any CPU.Build.0 = Release|Any CPU
		{8787002F-9E72-4428-8F49-0E7E7F0FB8E0}.Debug|Any CPU.ActiveCfg = Debug|Any CPU
		{8787002F-9E72-4428-8F49-0E7E7F0FB8E0}.Debug|Any CPU.Build.0 = Debug|Any CPU
		{8787002F-9E72-4428-8F49-0E7E7F0FB8E0}.Release|Any CPU.ActiveCfg = Release|Any CPU
		{8787002F-9E72-4428-8F49-0E7E7F0FB8E0}.Release|Any CPU.Build.0 = Release|Any CPU
		{C9F7DE6C-F825-47E6-A15D-A0CD357C593D}.Debug|Any CPU.ActiveCfg = Debug|Any CPU
		{C9F7DE6C-F825-47E6-A15D-A0CD357C593D}.Debug|Any CPU.Build.0 = Debug|Any CPU
		{C9F7DE6C-F825-47E6-A15D-A0CD357C593D}.Release|Any CPU.ActiveCfg = Release|Any CPU
		{C9F7DE6C-F825-47E6-A15D-A0CD357C593D}.Release|Any CPU.Build.0 = Release|Any CPU
		{37331CD1-1CCB-455B-95D2-7777D7D9AAA4}.Debug|Any CPU.ActiveCfg = Debug|Any CPU
		{37331CD1-1CCB-455B-95D2-7777D7D9AAA4}.Debug|Any CPU.Build.0 = Debug|Any CPU
		{37331CD1-1CCB-455B-95D2-7777D7D9AAA4}.Release|Any CPU.ActiveCfg = Release|Any CPU
		{37331CD1-1CCB-455B-95D2-7777D7D9AAA4}.Release|Any CPU.Build.0 = Release|Any CPU
		{6CD3828A-B8BD-47DD-A1CD-17E461E1C834}.Debug|Any CPU.ActiveCfg = Debug|Any CPU
		{6CD3828A-B8BD-47DD-A1CD-17E461E1C834}.Debug|Any CPU.Build.0 = Debug|Any CPU
		{6CD3828A-B8BD-47DD-A1CD-17E461E1C834}.Release|Any CPU.ActiveCfg = Release|Any CPU
		{6CD3828A-B8BD-47DD-A1CD-17E461E1C834}.Release|Any CPU.Build.0 = Release|Any CPU
		{B104D786-44F4-4100-B53A-A06D03F81959}.Debug|Any CPU.ActiveCfg = Debug|Any CPU
		{B104D786-44F4-4100-B53A-A06D03F81959}.Debug|Any CPU.Build.0 = Debug|Any CPU
		{B104D786-44F4-4100-B53A-A06D03F81959}.Release|Any CPU.ActiveCfg = Release|Any CPU
		{B104D786-44F4-4100-B53A-A06D03F81959}.Release|Any CPU.Build.0 = Release|Any CPU
		{016FF19F-FC34-4A06-817D-FD46516F2E72}.Debug|Any CPU.ActiveCfg = Debug|Any CPU
		{016FF19F-FC34-4A06-817D-FD46516F2E72}.Debug|Any CPU.Build.0 = Debug|Any CPU
		{016FF19F-FC34-4A06-817D-FD46516F2E72}.Release|Any CPU.ActiveCfg = Release|Any CPU
		{016FF19F-FC34-4A06-817D-FD46516F2E72}.Release|Any CPU.Build.0 = Release|Any CPU
		{3BD797C6-80DC-4B28-ABFF-895D54648446}.Debug|Any CPU.ActiveCfg = Debug|Any CPU
		{3BD797C6-80DC-4B28-ABFF-895D54648446}.Debug|Any CPU.Build.0 = Debug|Any CPU
		{3BD797C6-80DC-4B28-ABFF-895D54648446}.Release|Any CPU.ActiveCfg = Release|Any CPU
		{3BD797C6-80DC-4B28-ABFF-895D54648446}.Release|Any CPU.Build.0 = Release|Any CPU
		{E5E88D53-26F6-41FF-A8AB-EBB2E1274CC9}.Debug|Any CPU.ActiveCfg = Debug|Any CPU
		{E5E88D53-26F6-41FF-A8AB-EBB2E1274CC9}.Debug|Any CPU.Build.0 = Debug|Any CPU
		{E5E88D53-26F6-41FF-A8AB-EBB2E1274CC9}.Release|Any CPU.ActiveCfg = Release|Any CPU
		{E5E88D53-26F6-41FF-A8AB-EBB2E1274CC9}.Release|Any CPU.Build.0 = Release|Any CPU
		{9B85C668-D90E-4DE0-AB7D-CE821994814F}.Debug|Any CPU.ActiveCfg = Debug|Any CPU
		{9B85C668-D90E-4DE0-AB7D-CE821994814F}.Debug|Any CPU.Build.0 = Debug|Any CPU
		{9B85C668-D90E-4DE0-AB7D-CE821994814F}.Release|Any CPU.ActiveCfg = Release|Any CPU
		{9B85C668-D90E-4DE0-AB7D-CE821994814F}.Release|Any CPU.Build.0 = Release|Any CPU
		{17A5504D-9FF1-41A0-AEED-4D5D0B532B1D}.Debug|Any CPU.ActiveCfg = Debug|Any CPU
		{17A5504D-9FF1-41A0-AEED-4D5D0B532B1D}.Debug|Any CPU.Build.0 = Debug|Any CPU
		{17A5504D-9FF1-41A0-AEED-4D5D0B532B1D}.Release|Any CPU.ActiveCfg = Release|Any CPU
		{17A5504D-9FF1-41A0-AEED-4D5D0B532B1D}.Release|Any CPU.Build.0 = Release|Any CPU
		{0D76DF36-AD30-4DFD-9CF6-9897BE7E16FA}.Debug|Any CPU.ActiveCfg = Debug|Any CPU
		{0D76DF36-AD30-4DFD-9CF6-9897BE7E16FA}.Debug|Any CPU.Build.0 = Debug|Any CPU
		{0D76DF36-AD30-4DFD-9CF6-9897BE7E16FA}.Release|Any CPU.ActiveCfg = Release|Any CPU
		{0D76DF36-AD30-4DFD-9CF6-9897BE7E16FA}.Release|Any CPU.Build.0 = Release|Any CPU
		{33236DC4-2B1D-4D45-AFBC-624E81580F55}.Debug|Any CPU.ActiveCfg = Debug|Any CPU
		{33236DC4-2B1D-4D45-AFBC-624E81580F55}.Debug|Any CPU.Build.0 = Debug|Any CPU
		{33236DC4-2B1D-4D45-AFBC-624E81580F55}.Release|Any CPU.ActiveCfg = Release|Any CPU
		{33236DC4-2B1D-4D45-AFBC-624E81580F55}.Release|Any CPU.Build.0 = Release|Any CPU
		{2595CEF8-4BAC-4010-AC89-0ACB66056FFA}.Debug|Any CPU.ActiveCfg = Debug|Any CPU
		{2595CEF8-4BAC-4010-AC89-0ACB66056FFA}.Debug|Any CPU.Build.0 = Debug|Any CPU
		{2595CEF8-4BAC-4010-AC89-0ACB66056FFA}.Release|Any CPU.ActiveCfg = Release|Any CPU
		{2595CEF8-4BAC-4010-AC89-0ACB66056FFA}.Release|Any CPU.Build.0 = Release|Any CPU
		{39E433A2-FFD1-491F-BCBF-D09222DDF679}.Debug|Any CPU.ActiveCfg = Debug|Any CPU
		{39E433A2-FFD1-491F-BCBF-D09222DDF679}.Debug|Any CPU.Build.0 = Debug|Any CPU
		{39E433A2-FFD1-491F-BCBF-D09222DDF679}.Release|Any CPU.ActiveCfg = Release|Any CPU
		{39E433A2-FFD1-491F-BCBF-D09222DDF679}.Release|Any CPU.Build.0 = Release|Any CPU
		{7110A5AD-E33C-4A3C-B7F8-5AA48B1C37C1}.Debug|Any CPU.ActiveCfg = Debug|Any CPU
		{7110A5AD-E33C-4A3C-B7F8-5AA48B1C37C1}.Debug|Any CPU.Build.0 = Debug|Any CPU
		{7110A5AD-E33C-4A3C-B7F8-5AA48B1C37C1}.Release|Any CPU.ActiveCfg = Release|Any CPU
		{7110A5AD-E33C-4A3C-B7F8-5AA48B1C37C1}.Release|Any CPU.Build.0 = Release|Any CPU
		{9DE30EF0-C18E-4E91-B689-2A9E658E4B23}.Debug|Any CPU.ActiveCfg = Debug|Any CPU
		{9DE30EF0-C18E-4E91-B689-2A9E658E4B23}.Debug|Any CPU.Build.0 = Debug|Any CPU
		{9DE30EF0-C18E-4E91-B689-2A9E658E4B23}.Release|Any CPU.ActiveCfg = Release|Any CPU
		{9DE30EF0-C18E-4E91-B689-2A9E658E4B23}.Release|Any CPU.Build.0 = Release|Any CPU
		{6C0A660C-BACC-4034-A238-1F0F04CC0105}.Debug|Any CPU.ActiveCfg = Debug|Any CPU
		{6C0A660C-BACC-4034-A238-1F0F04CC0105}.Debug|Any CPU.Build.0 = Debug|Any CPU
		{6C0A660C-BACC-4034-A238-1F0F04CC0105}.Release|Any CPU.ActiveCfg = Release|Any CPU
		{6C0A660C-BACC-4034-A238-1F0F04CC0105}.Release|Any CPU.Build.0 = Release|Any CPU
		{22AD6E2A-94A5-450A-8514-CC0BD6ED65B2}.Debug|Any CPU.ActiveCfg = Debug|Any CPU
		{22AD6E2A-94A5-450A-8514-CC0BD6ED65B2}.Debug|Any CPU.Build.0 = Debug|Any CPU
		{22AD6E2A-94A5-450A-8514-CC0BD6ED65B2}.Release|Any CPU.ActiveCfg = Release|Any CPU
		{22AD6E2A-94A5-450A-8514-CC0BD6ED65B2}.Release|Any CPU.Build.0 = Release|Any CPU
		{46BC278E-AD83-49B1-9D8B-3885E3371EE0}.Debug|Any CPU.ActiveCfg = Debug|Any CPU
		{46BC278E-AD83-49B1-9D8B-3885E3371EE0}.Debug|Any CPU.Build.0 = Debug|Any CPU
		{46BC278E-AD83-49B1-9D8B-3885E3371EE0}.Release|Any CPU.ActiveCfg = Release|Any CPU
		{46BC278E-AD83-49B1-9D8B-3885E3371EE0}.Release|Any CPU.Build.0 = Release|Any CPU
		{376871EE-C82A-419D-BDB5-65AD22B80B50}.Debug|Any CPU.ActiveCfg = Debug|Any CPU
		{376871EE-C82A-419D-BDB5-65AD22B80B50}.Debug|Any CPU.Build.0 = Debug|Any CPU
		{376871EE-C82A-419D-BDB5-65AD22B80B50}.Release|Any CPU.ActiveCfg = Release|Any CPU
		{376871EE-C82A-419D-BDB5-65AD22B80B50}.Release|Any CPU.Build.0 = Release|Any CPU
		{C3995E48-17EE-48DA-BFA6-B5D8E478C384}.Debug|Any CPU.ActiveCfg = Debug|Any CPU
		{C3995E48-17EE-48DA-BFA6-B5D8E478C384}.Debug|Any CPU.Build.0 = Debug|Any CPU
		{C3995E48-17EE-48DA-BFA6-B5D8E478C384}.Release|Any CPU.ActiveCfg = Release|Any CPU
		{C3995E48-17EE-48DA-BFA6-B5D8E478C384}.Release|Any CPU.Build.0 = Release|Any CPU
		{E6420947-1B01-4F96-93F6-28B8C5D44DA2}.Debug|Any CPU.ActiveCfg = Debug|Any CPU
		{E6420947-1B01-4F96-93F6-28B8C5D44DA2}.Debug|Any CPU.Build.0 = Debug|Any CPU
		{E6420947-1B01-4F96-93F6-28B8C5D44DA2}.Release|Any CPU.ActiveCfg = Release|Any CPU
		{E6420947-1B01-4F96-93F6-28B8C5D44DA2}.Release|Any CPU.Build.0 = Release|Any CPU
		{82FCDA83-A663-45E4-9926-5D5373A6A9F5}.Debug|Any CPU.ActiveCfg = Debug|Any CPU
		{82FCDA83-A663-45E4-9926-5D5373A6A9F5}.Debug|Any CPU.Build.0 = Debug|Any CPU
		{82FCDA83-A663-45E4-9926-5D5373A6A9F5}.Release|Any CPU.ActiveCfg = Release|Any CPU
		{82FCDA83-A663-45E4-9926-5D5373A6A9F5}.Release|Any CPU.Build.0 = Release|Any CPU
		{3BF9FD01-C52F-4719-ABB2-4BE56B20922A}.Debug|Any CPU.ActiveCfg = Debug|Any CPU
		{3BF9FD01-C52F-4719-ABB2-4BE56B20922A}.Debug|Any CPU.Build.0 = Debug|Any CPU
		{3BF9FD01-C52F-4719-ABB2-4BE56B20922A}.Release|Any CPU.ActiveCfg = Release|Any CPU
		{3BF9FD01-C52F-4719-ABB2-4BE56B20922A}.Release|Any CPU.Build.0 = Release|Any CPU
		{4249B3DD-4FB1-48EE-A1F3-12FCDA0F6B27}.Debug|Any CPU.ActiveCfg = Debug|Any CPU
		{4249B3DD-4FB1-48EE-A1F3-12FCDA0F6B27}.Debug|Any CPU.Build.0 = Debug|Any CPU
		{4249B3DD-4FB1-48EE-A1F3-12FCDA0F6B27}.Release|Any CPU.ActiveCfg = Release|Any CPU
		{4249B3DD-4FB1-48EE-A1F3-12FCDA0F6B27}.Release|Any CPU.Build.0 = Release|Any CPU
	EndGlobalSection
	GlobalSection(SolutionProperties) = preSolution
		HideSolutionNode = FALSE
	EndGlobalSection
	GlobalSection(NestedProjects) = preSolution
		{C3995E48-17EE-48DA-BFA6-B5D8E478C384} = {73747857-3221-490F-BE30-7993E1B87C3F}
		{E6420947-1B01-4F96-93F6-28B8C5D44DA2} = {73747857-3221-490F-BE30-7993E1B87C3F}
		{82FCDA83-A663-45E4-9926-5D5373A6A9F5} = {73747857-3221-490F-BE30-7993E1B87C3F}
		{3BF9FD01-C52F-4719-ABB2-4BE56B20922A} = {73747857-3221-490F-BE30-7993E1B87C3F}
		{4249B3DD-4FB1-48EE-A1F3-12FCDA0F6B27} = {73747857-3221-490F-BE30-7993E1B87C3F}
	EndGlobalSection
	GlobalSection(ExtensibilityGlobals) = postSolution
		SolutionGuid = {9628AC0A-8791-4D56-A8C3-C96586502232}
	EndGlobalSection
EndGlobal
