
Microsoft Visual Studio Solution File, Format Version 12.00
# Visual Studio Version 18
VisualStudioVersion = 18.1.11304.174
MinimumVisualStudioVersion = 10.0.40219.1
Project("{9A19103F-16F7-4668-BE54-9A1E7A4F7556}") = "Strategy", "Strategy\Strategy.csproj", "{6A968381-72D3-42D8-91EA-D87BE3E168D1}"
EndProject
Project("{9A19103F-16F7-4668-BE54-9A1E7A4F7556}") = "Proxy", "Proxy\Proxy.csproj", "{A7CA917D-D4E1-4636-9B36-DE3AF6490CF9}"
EndProject
Project("{9A19103F-16F7-4668-BE54-9A1E7A4F7556}") = "Factory", "Factory\Factory.csproj", "{27440087-9F8B-4799-89D3-DAE37EB79DA6}"
EndProject
Project("{9A19103F-16F7-4668-BE54-9A1E7A4F7556}") = "AbstractFactory", "AbstractFactory\AbstractFactory.csproj", "{7BAE1134-1496-408E-9EA7-1158CF86EBE8}"
EndProject
Project("{9A19103F-16F7-4668-BE54-9A1E7A4F7556}") = "NullObjectPattern", "NullObjectPattern\NullObjectPattern.csproj", "{65500868-22F7-4F2A-ADDB-A6C8473D691B}"
EndProject
Project("{9A19103F-16F7-4668-BE54-9A1E7A4F7556}") = "BuilderPattern", "BuilderPattern\BuilderPattern.csproj", "{B5591F45-8FB3-4D59-8715-FFBDBFAE6ECB}"
EndProject
Project("{FAE04EC0-301F-11D3-BF4B-00C04F79EFBC}") = "RepositoryPattern", "RepositoryPattern\RepositoryPattern.csproj", "{E14AC958-6658-4EFA-A815-4AC009229544}"
EndProject
Project("{FAE04EC0-301F-11D3-BF4B-00C04F79EFBC}") = "DecoratorPattern", "DecatorPattern2\DecoratorPattern.csproj", "{6A015C08-1A0A-4EA5-B1E4-48FC540BA711}"
EndProject
Project("{FAE04EC0-301F-11D3-BF4B-00C04F79EFBC}") = "SingletonPattern", "SingletonPattern\SingletonPattern.csproj", "{1753409F-5FF0-406B-AEE0-CC955A820D94}"
EndProject
Project("{FAE04EC0-301F-11D3-BF4B-00C04F79EFBC}") = "ProductFuriousStore.AppHost", "ProductFuriousStore\ProductFuriousStore.AppHost\ProductFuriousStore.AppHost.csproj", "{55C6AC46-2109-44E1-A348-C76FE107AE1F}"
EndProject
Project("{FAE04EC0-301F-11D3-BF4B-00C04F79EFBC}") = "ProductFuriousStore.ServiceDefaults", "ProductFuriousStore\ProductFuriousStore.ServiceDefaults\ProductFuriousStore.ServiceDefaults.csproj", "{7503DC63-E7DC-402C-DE41-9B319935E7B4}"
EndProject
Project("{FAE04EC0-301F-11D3-BF4B-00C04F79EFBC}") = "ProductFuriousStore.ApiService", "ProductFuriousStore\ProductFuriousStore.ApiService\ProductFuriousStore.ApiService.csproj", "{7DDDD5D2-86A0-2962-3E4C-E779F1B503E1}"
EndProject
Project("{FAE04EC0-301F-11D3-BF4B-00C04F79EFBC}") = "ProductFuriousStore.Web", "ProductFuriousStore\ProductFuriousStore.Web\ProductFuriousStore.Web.csproj", "{D2975349-D3A3-A196-C2F0-7854DE5C879A}"
EndProject
Project("{2150E333-8FDC-42A3-9474-1A3956D46DE8}") = "ProductFuriousStore", "ProductFuriousStore", "{90D25CF1-9C26-4F5C-9D5A-2A8075ED9084}"
EndProject
Project("{FAE04EC0-301F-11D3-BF4B-00C04F79EFBC}") = "ProductFuriousStore.Contracts", "ProductStore.Contracts\ProductFuriousStore.Contracts.csproj", "{9FC7BBE2-7B4A-468C-B240-E5D0E94F7853}"
EndProject
Project("{FAE04EC0-301F-11D3-BF4B-00C04F79EFBC}") = "ProductFuriousStore.Logic", "ProductStore.Logic\ProductFuriousStore.Logic.csproj", "{2BB9F7D0-0381-4492-9C21-389C4252FCAE}"
EndProject
Project("{FAE04EC0-301F-11D3-BF4B-00C04F79EFBC}") = "ProductFuriousStore.ApiService.Client", "ProductFuriousStore.ApiService.Client\ProductFuriousStore.ApiService.Client.csproj", "{6234745A-95A4-47DB-A340-A09F84D495F0}"
EndProject
Global
	GlobalSection(SolutionConfigurationPlatforms) = preSolution
		Debug|Any CPU = Debug|Any CPU
		Release|Any CPU = Release|Any CPU
	EndGlobalSection
	GlobalSection(ProjectConfigurationPlatforms) = postSolution
		{6A968381-72D3-42D8-91EA-D87BE3E168D1}.Debug|Any CPU.ActiveCfg = Debug|Any CPU
		{6A968381-72D3-42D8-91EA-D87BE3E168D1}.Debug|Any CPU.Build.0 = Debug|Any CPU
		{6A968381-72D3-42D8-91EA-D87BE3E168D1}.Release|Any CPU.ActiveCfg = Release|Any CPU
		{6A968381-72D3-42D8-91EA-D87BE3E168D1}.Release|Any CPU.Build.0 = Release|Any CPU
		{A7CA917D-D4E1-4636-9B36-DE3AF6490CF9}.Debug|Any CPU.ActiveCfg = Debug|Any CPU
		{A7CA917D-D4E1-4636-9B36-DE3AF6490CF9}.Debug|Any CPU.Build.0 = Debug|Any CPU
		{A7CA917D-D4E1-4636-9B36-DE3AF6490CF9}.Release|Any CPU.ActiveCfg = Release|Any CPU
		{A7CA917D-D4E1-4636-9B36-DE3AF6490CF9}.Release|Any CPU.Build.0 = Release|Any CPU
		{27440087-9F8B-4799-89D3-DAE37EB79DA6}.Debug|Any CPU.ActiveCfg = Debug|Any CPU
		{27440087-9F8B-4799-89D3-DAE37EB79DA6}.Debug|Any CPU.Build.0 = Debug|Any CPU
		{27440087-9F8B-4799-89D3-DAE37EB79DA6}.Release|Any CPU.ActiveCfg = Release|Any CPU
		{27440087-9F8B-4799-89D3-DAE37EB79DA6}.Release|Any CPU.Build.0 = Release|Any CPU
		{7BAE1134-1496-408E-9EA7-1158CF86EBE8}.Debug|Any CPU.ActiveCfg = Debug|Any CPU
		{7BAE1134-1496-408E-9EA7-1158CF86EBE8}.Debug|Any CPU.Build.0 = Debug|Any CPU
		{7BAE1134-1496-408E-9EA7-1158CF86EBE8}.Release|Any CPU.ActiveCfg = Release|Any CPU
		{7BAE1134-1496-408E-9EA7-1158CF86EBE8}.Release|Any CPU.Build.0 = Release|Any CPU
		{65500868-22F7-4F2A-ADDB-A6C8473D691B}.Debug|Any CPU.ActiveCfg = Debug|Any CPU
		{65500868-22F7-4F2A-ADDB-A6C8473D691B}.Debug|Any CPU.Build.0 = Debug|Any CPU
		{65500868-22F7-4F2A-ADDB-A6C8473D691B}.Release|Any CPU.ActiveCfg = Release|Any CPU
		{65500868-22F7-4F2A-ADDB-A6C8473D691B}.Release|Any CPU.Build.0 = Release|Any CPU
		{B5591F45-8FB3-4D59-8715-FFBDBFAE6ECB}.Debug|Any CPU.ActiveCfg = Debug|Any CPU
		{B5591F45-8FB3-4D59-8715-FFBDBFAE6ECB}.Debug|Any CPU.Build.0 = Debug|Any CPU
		{B5591F45-8FB3-4D59-8715-FFBDBFAE6ECB}.Release|Any CPU.ActiveCfg = Release|Any CPU
		{B5591F45-8FB3-4D59-8715-FFBDBFAE6ECB}.Release|Any CPU.Build.0 = Release|Any CPU
		{E14AC958-6658-4EFA-A815-4AC009229544}.Debug|Any CPU.ActiveCfg = Debug|Any CPU
		{E14AC958-6658-4EFA-A815-4AC009229544}.Debug|Any CPU.Build.0 = Debug|Any CPU
		{E14AC958-6658-4EFA-A815-4AC009229544}.Release|Any CPU.ActiveCfg = Release|Any CPU
		{E14AC958-6658-4EFA-A815-4AC009229544}.Release|Any CPU.Build.0 = Release|Any CPU
		{6A015C08-1A0A-4EA5-B1E4-48FC540BA711}.Debug|Any CPU.ActiveCfg = Debug|Any CPU
		{6A015C08-1A0A-4EA5-B1E4-48FC540BA711}.Debug|Any CPU.Build.0 = Debug|Any CPU
		{6A015C08-1A0A-4EA5-B1E4-48FC540BA711}.Release|Any CPU.ActiveCfg = Release|Any CPU
		{6A015C08-1A0A-4EA5-B1E4-48FC540BA711}.Release|Any CPU.Build.0 = Release|Any CPU
		{1753409F-5FF0-406B-AEE0-CC955A820D94}.Debug|Any CPU.ActiveCfg = Debug|Any CPU
		{1753409F-5FF0-406B-AEE0-CC955A820D94}.Debug|Any CPU.Build.0 = Debug|Any CPU
		{1753409F-5FF0-406B-AEE0-CC955A820D94}.Release|Any CPU.ActiveCfg = Release|Any CPU
		{1753409F-5FF0-406B-AEE0-CC955A820D94}.Release|Any CPU.Build.0 = Release|Any CPU
		{55C6AC46-2109-44E1-A348-C76FE107AE1F}.Debug|Any CPU.ActiveCfg = Debug|Any CPU
		{55C6AC46-2109-44E1-A348-C76FE107AE1F}.Debug|Any CPU.Build.0 = Debug|Any CPU
		{55C6AC46-2109-44E1-A348-C76FE107AE1F}.Release|Any CPU.ActiveCfg = Release|Any CPU
		{55C6AC46-2109-44E1-A348-C76FE107AE1F}.Release|Any CPU.Build.0 = Release|Any CPU
		{7503DC63-E7DC-402C-DE41-9B319935E7B4}.Debug|Any CPU.ActiveCfg = Debug|Any CPU
		{7503DC63-E7DC-402C-DE41-9B319935E7B4}.Debug|Any CPU.Build.0 = Debug|Any CPU
		{7503DC63-E7DC-402C-DE41-9B319935E7B4}.Release|Any CPU.ActiveCfg = Release|Any CPU
		{7503DC63-E7DC-402C-DE41-9B319935E7B4}.Release|Any CPU.Build.0 = Release|Any CPU
		{7DDDD5D2-86A0-2962-3E4C-E779F1B503E1}.Debug|Any CPU.ActiveCfg = Debug|Any CPU
		{7DDDD5D2-86A0-2962-3E4C-E779F1B503E1}.Debug|Any CPU.Build.0 = Debug|Any CPU
		{7DDDD5D2-86A0-2962-3E4C-E779F1B503E1}.Release|Any CPU.ActiveCfg = Release|Any CPU
		{7DDDD5D2-86A0-2962-3E4C-E779F1B503E1}.Release|Any CPU.Build.0 = Release|Any CPU
		{D2975349-D3A3-A196-C2F0-7854DE5C879A}.Debug|Any CPU.ActiveCfg = Debug|Any CPU
		{D2975349-D3A3-A196-C2F0-7854DE5C879A}.Debug|Any CPU.Build.0 = Debug|Any CPU
		{D2975349-D3A3-A196-C2F0-7854DE5C879A}.Release|Any CPU.ActiveCfg = Release|Any CPU
		{D2975349-D3A3-A196-C2F0-7854DE5C879A}.Release|Any CPU.Build.0 = Release|Any CPU
		{9FC7BBE2-7B4A-468C-B240-E5D0E94F7853}.Debug|Any CPU.ActiveCfg = Debug|Any CPU
		{9FC7BBE2-7B4A-468C-B240-E5D0E94F7853}.Debug|Any CPU.Build.0 = Debug|Any CPU
		{9FC7BBE2-7B4A-468C-B240-E5D0E94F7853}.Release|Any CPU.ActiveCfg = Release|Any CPU
		{9FC7BBE2-7B4A-468C-B240-E5D0E94F7853}.Release|Any CPU.Build.0 = Release|Any CPU
		{2BB9F7D0-0381-4492-9C21-389C4252FCAE}.Debug|Any CPU.ActiveCfg = Debug|Any CPU
		{2BB9F7D0-0381-4492-9C21-389C4252FCAE}.Debug|Any CPU.Build.0 = Debug|Any CPU
		{2BB9F7D0-0381-4492-9C21-389C4252FCAE}.Release|Any CPU.ActiveCfg = Release|Any CPU
		{2BB9F7D0-0381-4492-9C21-389C4252FCAE}.Release|Any CPU.Build.0 = Release|Any CPU
		{6234745A-95A4-47DB-A340-A09F84D495F0}.Debug|Any CPU.ActiveCfg = Debug|Any CPU
		{6234745A-95A4-47DB-A340-A09F84D495F0}.Debug|Any CPU.Build.0 = Debug|Any CPU
		{6234745A-95A4-47DB-A340-A09F84D495F0}.Release|Any CPU.ActiveCfg = Release|Any CPU
		{6234745A-95A4-47DB-A340-A09F84D495F0}.Release|Any CPU.Build.0 = Release|Any CPU
	EndGlobalSection
	GlobalSection(SolutionProperties) = preSolution
		HideSolutionNode = FALSE
	EndGlobalSection
	GlobalSection(NestedProjects) = preSolution
		{55C6AC46-2109-44E1-A348-C76FE107AE1F} = {90D25CF1-9C26-4F5C-9D5A-2A8075ED9084}
		{7503DC63-E7DC-402C-DE41-9B319935E7B4} = {90D25CF1-9C26-4F5C-9D5A-2A8075ED9084}
		{7DDDD5D2-86A0-2962-3E4C-E779F1B503E1} = {90D25CF1-9C26-4F5C-9D5A-2A8075ED9084}
		{D2975349-D3A3-A196-C2F0-7854DE5C879A} = {90D25CF1-9C26-4F5C-9D5A-2A8075ED9084}
		{9FC7BBE2-7B4A-468C-B240-E5D0E94F7853} = {90D25CF1-9C26-4F5C-9D5A-2A8075ED9084}
		{2BB9F7D0-0381-4492-9C21-389C4252FCAE} = {90D25CF1-9C26-4F5C-9D5A-2A8075ED9084}
		{6234745A-95A4-47DB-A340-A09F84D495F0} = {90D25CF1-9C26-4F5C-9D5A-2A8075ED9084}
	EndGlobalSection
	GlobalSection(ExtensibilityGlobals) = postSolution
		SolutionGuid = {6E83576C-189C-4F7A-9F44-FB02A75A4C7E}
	EndGlobalSection
EndGlobal
