
Microsoft Visual Studio Solution File, Format Version 12.00
# Visual Studio Version 17
VisualStudioVersion = 17.10.34928.147
MinimumVisualStudioVersion = 10.0.40219.1
Project("{9A19103F-16F7-4668-BE54-9A1E7A4F7556}") = "Strategy", "Strategy\Strategy.csproj", "{6A968381-72D3-42D8-91EA-D87BE3E168D1}"
EndProject
Project("{9A19103F-16F7-4668-BE54-9A1E7A4F7556}") = "Proxy", "Proxy\Proxy.csproj", "{A7CA917D-D4E1-4636-9B36-DE3AF6490CF9}"
EndProject
Project("{9A19103F-16F7-4668-BE54-9A1E7A4F7556}") = "Factory", "Factory\Factory.csproj", "{27440087-9F8B-4799-89D3-DAE37EB79DA6}"
EndProject
Project("{FAE04EC0-301F-11D3-BF4B-00C04F79EFBC}") = "AbstractFactory", "AbstractFactory\AbstractFactory.csproj", "{7BAE1134-1496-408E-9EA7-1158CF86EBE8}"
EndProject
Project("{FAE04EC0-301F-11D3-BF4B-00C04F79EFBC}") = "NullObjectPattern", "NullObjectPattern\NullObjectPattern.csproj", "{65500868-22F7-4F2A-ADDB-A6C8473D691B}"
EndProject
Global
	GlobalSection(SolutionConfigurationPlatforms) = preSolution
		Debug|Any CPU = Debug|Any CPU
		Release|Any CPU = Release|Any CPU
	EndGlobalSection
	GlobalSection(ProjectConfigurationPlatforms) = postSolution
		{6A968381-72D3-42D8-91EA-D87BE3E168D1}.Debug|Any CPU.ActiveCfg = Debug|Any CPU
		{6A968381-72D3-42D8-91EA-D87BE3E168D1}.Debug|Any CPU.Build.0 = Debug|Any CPU
		{6A968381-72D3-42D8-91EA-D87BE3E168D1}.Release|Any CPU.ActiveCfg = Release|Any CPU
		{6A968381-72D3-42D8-91EA-D87BE3E168D1}.Release|Any CPU.Build.0 = Release|Any CPU
		{A7CA917D-D4E1-4636-9B36-DE3AF6490CF9}.Debug|Any CPU.ActiveCfg = Debug|Any CPU
		{A7CA917D-D4E1-4636-9B36-DE3AF6490CF9}.Debug|Any CPU.Build.0 = Debug|Any CPU
		{A7CA917D-D4E1-4636-9B36-DE3AF6490CF9}.Release|Any CPU.ActiveCfg = Release|Any CPU
		{A7CA917D-D4E1-4636-9B36-DE3AF6490CF9}.Release|Any CPU.Build.0 = Release|Any CPU
		{27440087-9F8B-4799-89D3-DAE37EB79DA6}.Debug|Any CPU.ActiveCfg = Debug|Any CPU
		{27440087-9F8B-4799-89D3-DAE37EB79DA6}.Debug|Any CPU.Build.0 = Debug|Any CPU
		{27440087-9F8B-4799-89D3-DAE37EB79DA6}.Release|Any CPU.ActiveCfg = Release|Any CPU
		{27440087-9F8B-4799-89D3-DAE37EB79DA6}.Release|Any CPU.Build.0 = Release|Any CPU
		{7BAE1134-1496-408E-9EA7-1158CF86EBE8}.Debug|Any CPU.ActiveCfg = Debug|Any CPU
		{7BAE1134-1496-408E-9EA7-1158CF86EBE8}.Debug|Any CPU.Build.0 = Debug|Any CPU
		{7BAE1134-1496-408E-9EA7-1158CF86EBE8}.Release|Any CPU.ActiveCfg = Release|Any CPU
		{7BAE1134-1496-408E-9EA7-1158CF86EBE8}.Release|Any CPU.Build.0 = Release|Any CPU
		{65500868-22F7-4F2A-ADDB-A6C8473D691B}.Debug|Any CPU.ActiveCfg = Debug|Any CPU
		{65500868-22F7-4F2A-ADDB-A6C8473D691B}.Debug|Any CPU.Build.0 = Debug|Any CPU
		{65500868-22F7-4F2A-ADDB-A6C8473D691B}.Release|Any CPU.ActiveCfg = Release|Any CPU
		{65500868-22F7-4F2A-ADDB-A6C8473D691B}.Release|Any CPU.Build.0 = Release|Any CPU
	EndGlobalSection
	GlobalSection(SolutionProperties) = preSolution
		HideSolutionNode = FALSE
	EndGlobalSection
	GlobalSection(ExtensibilityGlobals) = postSolution
		SolutionGuid = {6E83576C-189C-4F7A-9F44-FB02A75A4C7E}
	EndGlobalSection
EndGlobal
